# This file is automatically @generated by Cargo.
# It is not intended for manual editing.
version = 3

[[package]]
name = "blake2b-rs"
version = "0.2.0"
source = "registry+https://github.com/rust-lang/crates.io-index"
checksum = "a89a8565807f21b913288968e391819e7f9b2f0f46c7b89549c051cccf3a2771"
dependencies = [
 "cc",
 "cty",
]

[[package]]
name = "cc"
version = "1.0.41"
source = "registry+https://github.com/rust-lang/crates.io-index"
checksum = "8dae9c4b8fedcae85592ba623c4fd08cfdab3e3b72d6df780c6ead964a69bfff"

[[package]]
name = "cfg-if"
version = "0.1.10"
source = "registry+https://github.com/rust-lang/crates.io-index"
checksum = "4785bdd1c96b2a846b2bd7cc02e86b6b3dbf14e7e53446c4f54c92a361040822"

[[package]]
name = "cty"
version = "0.2.2"
source = "registry+https://github.com/rust-lang/crates.io-index"
checksum = "b365fabc795046672053e29c954733ec3b05e4be654ab130fe8f1f94d7051f35"

[[package]]
name = "hex"
version = "0.4.3"
source = "registry+https://github.com/rust-lang/crates.io-index"
checksum = "7f24254aa9a54b5c858eaee2f5bccdb46aaf0e486a595ed5fd8f86ba55232a70"

[[package]]
name = "playground"
version = "0.1.0"
dependencies = [
 "hex",
 "sparse-merkle-tree",
]

[[package]]
name = "sparse-merkle-tree"
version = "0.6.0"
source = "git+https://github.com/nervosnetwork/sparse-merkle-tree.git#7c70731c6e4e87227d998344353a6103952bc362"
dependencies = [
 "blake2b-rs",
 "cc",
 "cfg-if",
]
